
Microsoft Visual Studio Solution File, Format Version 12.00
# Visual Studio 15
VisualStudioVersion = 15.0.28307.102
MinimumVisualStudioVersion = 10.0.40219.1
Project("{FAE04EC0-301F-11D3-BF4B-00C04F79EFBC}") = "MultiProjectTest", "MultiProjectTest\MultiProjectTest.csproj", "{323B5F58-FF58-42A6-BD3E-50A44EDA9C9E}"
EndProject
Project("{FAE04EC0-301F-11D3-BF4B-00C04F79EFBC}") = "MultiProjectTest.Service", "MultiProjectTest.Service\MultiProjectTest.Service.csproj", "{2A66D509-2D00-4C73-B027-40070A9BD3A1}"
EndProject
Project("{FAE04EC0-301F-11D3-BF4B-00C04F79EFBC}") = "MultiProjectTest.Entities", "MultiProjectTest.Entities\MultiProjectTest.Entities.csproj", "{B3B14993-24FD-4FFE-94B9-C5B7DD37F974}"
EndProject
Global
	GlobalSection(SolutionConfigurationPlatforms) = preSolution
		Debug|Any CPU = Debug|Any CPU
		Release|Any CPU = Release|Any CPU
	EndGlobalSection
	GlobalSection(ProjectConfigurationPlatforms) = postSolution
		{323B5F58-FF58-42A6-BD3E-50A44EDA9C9E}.Debug|Any CPU.ActiveCfg = Debug|Any CPU
		{323B5F58-FF58-42A6-BD3E-50A44EDA9C9E}.Debug|Any CPU.Build.0 = Debug|Any CPU
		{323B5F58-FF58-42A6-BD3E-50A44EDA9C9E}.Release|Any CPU.ActiveCfg = Release|Any CPU
		{323B5F58-FF58-42A6-BD3E-50A44EDA9C9E}.Release|Any CPU.Build.0 = Release|Any CPU
		{2A66D509-2D00-4C73-B027-40070A9BD3A1}.Debug|Any CPU.ActiveCfg = Debug|Any CPU
		{2A66D509-2D00-4C73-B027-40070A9BD3A1}.Debug|Any CPU.Build.0 = Debug|Any CPU
		{2A66D509-2D00-4C73-B027-40070A9BD3A1}.Release|Any CPU.ActiveCfg = Release|Any CPU
		{2A66D509-2D00-4C73-B027-40070A9BD3A1}.Release|Any CPU.Build.0 = Release|Any CPU
		{B3B14993-24FD-4FFE-94B9-C5B7DD37F974}.Debug|Any CPU.ActiveCfg = Debug|Any CPU
		{B3B14993-24FD-4FFE-94B9-C5B7DD37F974}.Debug|Any CPU.Build.0 = Debug|Any CPU
		{B3B14993-24FD-4FFE-94B9-C5B7DD37F974}.Release|Any CPU.ActiveCfg = Release|Any CPU
		{B3B14993-24FD-4FFE-94B9-C5B7DD37F974}.Release|Any CPU.Build.0 = Release|Any CPU
	EndGlobalSection
	GlobalSection(SolutionProperties) = preSolution
		HideSolutionNode = FALSE
	EndGlobalSection
	GlobalSection(ExtensibilityGlobals) = postSolution
		SolutionGuid = {805435D4-32BB-498F-9FE3-C864CA5A29C6}
	EndGlobalSection
EndGlobal
